
Microsoft Visual Studio Solution File, Format Version 12.00
# Visual Studio 15
VisualStudioVersion = 15.0.27703.2018
MinimumVisualStudioVersion = 10.0.40219.1
Project("{FAE04EC0-301F-11D3-BF4B-00C04F79EFBC}") = "BlobHelper", "BlobHelper\BlobHelper.csproj", "{8C0EFC1B-7088-4DA2-901F-7548788A1AC4}"
EndProject
Project("{FAE04EC0-301F-11D3-BF4B-00C04F79EFBC}") = "TestApp", "TestApp\TestApp.csproj", "{5E8CC5F1-BED8-4BEE-BD7D-8AD2CA49C596}"
EndProject
Project("{FAE04EC0-301F-11D3-BF4B-00C04F79EFBC}") = "AzureBlobService", "AzureBlobService\AzureBlobService.csproj", "{883CB0C8-9906-44B3-9B07-673DFD3D0F98}"
EndProject
Global
	GlobalSection(SolutionConfigurationPlatforms) = preSolution
		Debug|Any CPU = Debug|Any CPU
		Release|Any CPU = Release|Any CPU
	EndGlobalSection
	GlobalSection(ProjectConfigurationPlatforms) = postSolution
		{8C0EFC1B-7088-4DA2-901F-7548788A1AC4}.Debug|Any CPU.ActiveCfg = Debug|Any CPU
		{8C0EFC1B-7088-4DA2-901F-7548788A1AC4}.Debug|Any CPU.Build.0 = Debug|Any CPU
		{8C0EFC1B-7088-4DA2-901F-7548788A1AC4}.Release|Any CPU.ActiveCfg = Release|Any CPU
		{8C0EFC1B-7088-4DA2-901F-7548788A1AC4}.Release|Any CPU.Build.0 = Release|Any CPU
		{5E8CC5F1-BED8-4BEE-BD7D-8AD2CA49C596}.Debug|Any CPU.ActiveCfg = Debug|Any CPU
		{5E8CC5F1-BED8-4BEE-BD7D-8AD2CA49C596}.Debug|Any CPU.Build.0 = Debug|Any CPU
		{5E8CC5F1-BED8-4BEE-BD7D-8AD2CA49C596}.Release|Any CPU.ActiveCfg = Release|Any CPU
		{5E8CC5F1-BED8-4BEE-BD7D-8AD2CA49C596}.Release|Any CPU.Build.0 = Release|Any CPU
		{883CB0C8-9906-44B3-9B07-673DFD3D0F98}.Debug|Any CPU.ActiveCfg = Debug|Any CPU
		{883CB0C8-9906-44B3-9B07-673DFD3D0F98}.Debug|Any CPU.Build.0 = Debug|Any CPU
		{883CB0C8-9906-44B3-9B07-673DFD3D0F98}.Release|Any CPU.ActiveCfg = Release|Any CPU
		{883CB0C8-9906-44B3-9B07-673DFD3D0F98}.Release|Any CPU.Build.0 = Release|Any CPU
	EndGlobalSection
	GlobalSection(SolutionProperties) = preSolution
		HideSolutionNode = FALSE
	EndGlobalSection
	GlobalSection(ExtensibilityGlobals) = postSolution
		SolutionGuid = {A7164F7A-1E27-45A7-9B1C-BC53D63BC77F}
	EndGlobalSection
EndGlobal
